// !$*UTF8*$!
{
	archiveVersion = 1;
	classes = {
	};
	objectVersion = 77;
	objects = {

/* Begin PBXContainerItemProxy section */
		1F1D5F9F2DC32C5900B44D43 /* PBXContainerItemProxy */ = {
			isa = PBXContainerItemProxy;
			containerPortal = 1F1D5F802DC32C5400B44D43 /* Project object */;
			proxyType = 1;
			remoteGlobalIDString = 1F1D5F872DC32C5400B44D43;
			remoteInfo = HomeSync;
		};
		1F1D5FA92DC32C5900B44D43 /* PBXContainerItemProxy */ = {
			isa = PBXContainerItemProxy;
			containerPortal = 1F1D5F802DC32C5400B44D43 /* Project object */;
			proxyType = 1;
			remoteGlobalIDString = 1F1D5F872DC32C5400B44D43;
			remoteInfo = HomeSync;
		};
/* End PBXContainerItemProxy section */

/* Begin PBXFileReference section */
		1F1D5F882DC32C5400B44D43 /* HomeSync.app */ = {isa = PBXFileReference; explicitFileType = wrapper.application; includeInIndex = 0; path = HomeSync.app; sourceTree = BUILT_PRODUCTS_DIR; };
		1F1D5F9E2DC32C5900B44D43 /* HomeSyncTests.xctest */ = {isa = PBXFileReference; explicitFileType = wrapper.cfbundle; includeInIndex = 0; path = HomeSyncTests.xctest; sourceTree = BUILT_PRODUCTS_DIR; };
		1F1D5FA82DC32C5900B44D43 /* HomeSyncUITests.xctest */ = {isa = PBXFileReference; explicitFileType = wrapper.cfbundle; includeInIndex = 0; path = HomeSyncUITests.xctest; sourceTree = BUILT_PRODUCTS_DIR; };
/* End PBXFileReference section */

/* Begin PBXFileSystemSynchronizedBuildFileExceptionSet section */
		1F1D5FB02DC32C5900B44D43 /* Exceptions for "HomeSync" folder in "HomeSync" target */ = {
			isa = PBXFileSystemSynchronizedBuildFileExceptionSet;
			membershipExceptions = (
				Info.plist,
			);
			target = 1F1D5F872DC32C5400B44D43 /* HomeSync */;
		};
/* End PBXFileSystemSynchronizedBuildFileExceptionSet section */

/* Begin PBXFileSystemSynchronizedRootGroup section */
		1F1D5F8A2DC32C5400B44D43 /* HomeSync */ = {
			isa = PBXFileSystemSynchronizedRootGroup;
			exceptions = (
				1F1D5FB02DC32C5900B44D43 /* Exceptions for "HomeSync" folder in "HomeSync" target */,
			);
			path = HomeSync;
			sourceTree = "<group>";
		};
		1F1D5FA12DC32C5900B44D43 /* HomeSyncTests */ = {
			isa = PBXFileSystemSynchronizedRootGroup;
			path = HomeSyncTests;
			sourceTree = "<group>";
		};
		1F1D5FAB2DC32C5900B44D43 /* HomeSyncUITests */ = {
			isa = PBXFileSystemSynchronizedRootGroup;
			path = HomeSyncUITests;
			sourceTree = "<group>";
		};
/* End PBXFileSystemSynchronizedRootGroup section */

/* Begin PBXFrameworksBuildPhase section */
		1F1D5F852DC32C5400B44D43 /* Frameworks */ = {
			isa = PBXFrameworksBuildPhase;
			buildActionMask = 2147483647;
			files = (
			);
			runOnlyForDeploymentPostprocessing = 0;
		};
		1F1D5F9B2DC32C5900B44D43 /* Frameworks */ = {
			isa = PBXFrameworksBuildPhase;
			buildActionMask = 2147483647;
			files = (
			);
			runOnlyForDeploymentPostprocessing = 0;
		};
		1F1D5FA52DC32C5900B44D43 /* Frameworks */ = {
			isa = PBXFrameworksBuildPhase;
			buildActionMask = 2147483647;
			files = (
			);
			runOnlyForDeploymentPostprocessing = 0;
		};
/* End PBXFrameworksBuildPhase section */

/* Begin PBXGroup section */
		1F1D5F7F2DC32C5400B44D43 = {
			isa = PBXGroup;
			children = (
				1F1D5F8A2DC32C5400B44D43 /* HomeSync */,
				1F1D5FA12DC32C5900B44D43 /* HomeSyncTests */,
				1F1D5FAB2DC32C5900B44D43 /* HomeSyncUITests */,
				1F1D5F892DC32C5400B44D43 /* Products */,
			);
			sourceTree = "<group>";
		};
		1F1D5F892DC32C5400B44D43 /* Products */ = {
			isa = PBXGroup;
			children = (
				1F1D5F882DC32C5400B44D43 /* HomeSync.app */,
				1F1D5F9E2DC32C5900B44D43 /* HomeSyncTests.xctest */,
				1F1D5FA82DC32C5900B44D43 /* HomeSyncUITests.xctest */,
			);
			name = Products;
			sourceTree = "<group>";
		};
/* End PBXGroup section */

/* Begin PBXNativeTarget section */
		1F1D5F872DC32C5400B44D43 /* HomeSync */ = {
			isa = PBXNativeTarget;
			buildConfigurationList = 1F1D5FB12DC32C5900B44D43 /* Build configuration list for PBXNativeTarget "HomeSync" */;
			buildPhases = (
				1F1D5F842DC32C5400B44D43 /* Sources */,
				1F1D5F852DC32C5400B44D43 /* Frameworks */,
				1F1D5F862DC32C5400B44D43 /* Resources */,
			);
			buildRules = (
			);
			dependencies = (
			);
			fileSystemSynchronizedGroups = (
				1F1D5F8A2DC32C5400B44D43 /* HomeSync */,
			);
			name = HomeSync;
			packageProductDependencies = (
			);
			productName = HomeSync;
			productReference = 1F1D5F882DC32C5400B44D43 /* HomeSync.app */;
			productType = "com.apple.product-type.application";
		};
		1F1D5F9D2DC32C5900B44D43 /* HomeSyncTests */ = {
			isa = PBXNativeTarget;
			buildConfigurationList = 1F1D5FB62DC32C5900B44D43 /* Build configuration list for PBXNativeTarget "HomeSyncTests" */;
			buildPhases = (
				1F1D5F9A2DC32C5900B44D43 /* Sources */,
				1F1D5F9B2DC32C5900B44D43 /* Frameworks */,
				1F1D5F9C2DC32C5900B44D43 /* Resources */,
			);
			buildRules = (
			);
			dependencies = (
				1F1D5FA02DC32C5900B44D43 /* PBXTargetDependency */,
			);
			fileSystemSynchronizedGroups = (
				1F1D5FA12DC32C5900B44D43 /* HomeSyncTests */,
			);
			name = HomeSyncTests;
			packageProductDependencies = (
			);
			productName = HomeSyncTests;
			productReference = 1F1D5F9E2DC32C5900B44D43 /* HomeSyncTests.xctest */;
			productType = "com.apple.product-type.bundle.unit-test";
		};
		1F1D5FA72DC32C5900B44D43 /* HomeSyncUITests */ = {
			isa = PBXNativeTarget;
			buildConfigurationList = 1F1D5FB92DC32C5900B44D43 /* Build configuration list for PBXNativeTarget "HomeSyncUITests" */;
			buildPhases = (
				1F1D5FA42DC32C5900B44D43 /* Sources */,
				1F1D5FA52DC32C5900B44D43 /* Frameworks */,
				1F1D5FA62DC32C5900B44D43 /* Resources */,
			);
			buildRules = (
			);
			dependencies = (
				1F1D5FAA2DC32C5900B44D43 /* PBXTargetDependency */,
			);
			fileSystemSynchronizedGroups = (
				1F1D5FAB2DC32C5900B44D43 /* HomeSyncUITests */,
			);
			name = HomeSyncUITests;
			packageProductDependencies = (
			);
			productName = HomeSyncUITests;
			productReference = 1F1D5FA82DC32C5900B44D43 /* HomeSyncUITests.xctest */;
			productType = "com.apple.product-type.bundle.ui-testing";
		};
/* End PBXNativeTarget section */

/* Begin PBXProject section */
		1F1D5F802DC32C5400B44D43 /* Project object */ = {
			isa = PBXProject;
			attributes = {
				BuildIndependentTargetsInParallel = 1;
				LastSwiftUpdateCheck = 1620;
				LastUpgradeCheck = 1620;
				TargetAttributes = {
					1F1D5F872DC32C5400B44D43 = {
						CreatedOnToolsVersion = 16.2;
					};
					1F1D5F9D2DC32C5900B44D43 = {
						CreatedOnToolsVersion = 16.2;
						TestTargetID = 1F1D5F872DC32C5400B44D43;
					};
					1F1D5FA72DC32C5900B44D43 = {
						CreatedOnToolsVersion = 16.2;
						TestTargetID = 1F1D5F872DC32C5400B44D43;
					};
				};
			};
			buildConfigurationList = 1F1D5F832DC32C5400B44D43 /* Build configuration list for PBXProject "HomeSync" */;
			developmentRegion = en;
			hasScannedForEncodings = 0;
			knownRegions = (
				en,
				Base,
			);
			mainGroup = 1F1D5F7F2DC32C5400B44D43;
			minimizedProjectReferenceProxies = 1;
			preferredProjectObjectVersion = 77;
			productRefGroup = 1F1D5F892DC32C5400B44D43 /* Products */;
			projectDirPath = "";
			projectRoot = "";
			targets = (
				1F1D5F872DC32C5400B44D43 /* HomeSync */,
				1F1D5F9D2DC32C5900B44D43 /* HomeSyncTests */,
				1F1D5FA72DC32C5900B44D43 /* HomeSyncUITests */,
			);
		};
/* End PBXProject section */

/* Begin PBXResourcesBuildPhase section */
		1F1D5F862DC32C5400B44D43 /* Resources */ = {
			isa = PBXResourcesBuildPhase;
			buildActionMask = 2147483647;
			files = (
			);
			runOnlyForDeploymentPostprocessing = 0;
		};
		1F1D5F9C2DC32C5900B44D43 /* Resources */ = {
			isa = PBXResourcesBuildPhase;
			buildActionMask = 2147483647;
			files = (
			);
			runOnlyForDeploymentPostprocessing = 0;
		};
		1F1D5FA62DC32C5900B44D43 /* Resources */ = {
			isa = PBXResourcesBuildPhase;
			buildActionMask = 2147483647;
			files = (
			);
			runOnlyForDeploymentPostprocessing = 0;
		};
/* End PBXResourcesBuildPhase section */

/* Begin PBXSourcesBuildPhase section */
		1F1D5F842DC32C5400B44D43 /* Sources */ = {
			isa = PBXSourcesBuildPhase;
			buildActionMask = 2147483647;
			files = (
			);
			runOnlyForDeploymentPostprocessing = 0;
		};
		1F1D5F9A2DC32C5900B44D43 /* Sources */ = {
			isa = PBXSourcesBuildPhase;
			buildActionMask = 2147483647;
			files = (
			);
			runOnlyForDeploymentPostprocessing = 0;
		};
		1F1D5FA42DC32C5900B44D43 /* Sources */ = {
			isa = PBXSourcesBuildPhase;
			buildActionMask = 2147483647;
			files = (
			);
			runOnlyForDeploymentPostprocessing = 0;
		};
/* End PBXSourcesBuildPhase section */

/* Begin PBXTargetDependency section */
		1F1D5FA02DC32C5900B44D43 /* PBXTargetDependency */ = {
			isa = PBXTargetDependency;
			target = 1F1D5F872DC32C5400B44D43 /* HomeSync */;
			targetProxy = 1F1D5F9F2DC32C5900B44D43 /* PBXContainerItemProxy */;
		};
		1F1D5FAA2DC32C5900B44D43 /* PBXTargetDependency */ = {
			isa = PBXTargetDependency;
			target = 1F1D5F872DC32C5400B44D43 /* HomeSync */;
			targetProxy = 1F1D5FA92DC32C5900B44D43 /* PBXContainerItemProxy */;
		};
/* End PBXTargetDependency section */

/* Begin XCBuildConfiguration section */
		1F1D5FB22DC32C5900B44D43 /* Debug */ = {
			isa = XCBuildConfiguration;
			buildSettings = {
				ASSETCATALOG_COMPILER_APPICON_NAME = AppIcon;
				ASSETCATALOG_COMPILER_GLOBAL_ACCENT_COLOR_NAME = AccentColor;
				CODE_SIGN_STYLE = Automatic;
				CURRENT_PROJECT_VERSION = 1;
				GENERATE_INFOPLIST_FILE = YES;
				INFOPLIST_FILE = HomeSync/Info.plist;
				INFOPLIST_KEY_UIApplicationSupportsIndirectInputEvents = YES;
				INFOPLIST_KEY_UILaunchStoryboardName = LaunchScreen;
				INFOPLIST_KEY_UIMainStoryboardFile = Main;
				INFOPLIST_KEY_UISupportedInterfaceOrientations_iPad = "UIInterfaceOrientationPortrait UIInterfaceOrientationPortraitUpsideDown UIInterfaceOrientationLandscapeLeft UIInterfaceOrientationLandscapeRight";
				INFOPLIST_KEY_UISupportedInterfaceOrientations_iPhone = "UIInterfaceOrientationPortrait UIInterfaceOrientationLandscapeLeft UIInterfaceOrientationLandscapeRight";
				LD_RUNPATH_SEARCH_PATHS = (
					"$(inherited)",
					"@executable_path/Frameworks",
				);
				MARKETING_VERSION = 1.0;
				PRODUCT_BUNDLE_IDENTIFIER = com.nishan.HomeSync;
				PRODUCT_NAME = "$(TARGET_NAME)";
				SWIFT_EMIT_LOC_STRINGS = YES;
				SWIFT_VERSION = 5.0;
				TARGETED_DEVICE_FAMILY = "1,2";
			};
			name = Debug;
		};
		1F1D5FB32DC32C5900B44D43 /* Release */ = {
			isa = XCBuildConfiguration;
			buildSettings = {
				ASSETCATALOG_COMPILER_APPICON_NAME = AppIcon;
				ASSETCATALOG_COMPILER_GLOBAL_ACCENT_COLOR_NAME = AccentColor;
				CODE_SIGN_STYLE = Automatic;
				CURRENT_PROJECT_VERSION = 1;
				GENERATE_INFOPLIST_FILE = YES;
				INFOPLIST_FILE = HomeSync/Info.plist;
				INFOPLIST_KEY_UIApplicationSupportsIndirectInputEvents = YES;
				INFOPLIST_KEY_UILaunchStoryboardName = LaunchScreen;
				INFOPLIST_KEY_UIMainStoryboardFile = Main;
				INFOPLIST_KEY_UISupportedInterfaceOrientations_iPad = "UIInterfaceOrientationPortrait UIInterfaceOrientationPortraitUpsideDown UIInterfaceOrientationLandscapeLeft UIInterfaceOrientationLandscapeRight";
				INFOPLIST_KEY_UISupportedInterfaceOrientations_iPhone = "UIInterfaceOrientationPortrait UIInterfaceOrientationLandscapeLeft UIInterfaceOrientationLandscapeRight";
				LD_RUNPATH_SEARCH_PATHS = (
					"$(inherited)",
					"@executable_path/Frameworks",
				);
				MARKETING_VERSION = 1.0;
				PRODUCT_BUNDLE_IDENTIFIER = com.nishan.HomeSync;
				PRODUCT_NAME = "$(TARGET_NAME)";
				SWIFT_EMIT_LOC_STRINGS = YES;
				SWIFT_VERSION = 5.0;
				TARGETED_DEVICE_FAMILY = "1,2";
			};
			name = Release;
		};
		1F1D5FB42DC32C5900B44D43 /* Debug */ = {
			isa = XCBuildConfiguration;
			buildSettings = {
				ALWAYS_SEARCH_USER_PATHS = NO;
				ASSETCATALOG_COMPILER_GENERATE_SWIFT_ASSET_SYMBOL_EXTENSIONS = YES;
				CLANG_ANALYZER_NONNULL = YES;
				CLANG_ANALYZER_NUMBER_OBJECT_CONVERSION = YES_AGGRESSIVE;
				CLANG_CXX_LANGUAGE_STANDARD = "gnu++20";
				CLANG_ENABLE_MODULES = YES;
				CLANG_ENABLE_OBJC_ARC = YES;
				CLANG_ENABLE_OBJC_WEAK = YES;
				CLANG_WARN_BLOCK_CAPTURE_AUTORELEASING = YES;
				CLANG_WARN_BOOL_CONVERSION = YES;
				CLANG_WARN_COMMA = YES;
				CLANG_WARN_CONSTANT_CONVERSION = YES;
				CLANG_WARN_DEPRECATED_OBJC_IMPLEMENTATIONS = YES;
				CLANG_WARN_DIRECT_OBJC_ISA_USAGE = YES_ERROR;
				CLANG_WARN_DOCUMENTATION_COMMENTS = YES;
				CLANG_WARN_EMPTY_BODY = YES;
				CLANG_WARN_ENUM_CONVERSION = YES;
				CLANG_WARN_INFINITE_RECURSION = YES;
				CLANG_WARN_INT_CONVERSION = YES;
				CLANG_WARN_NON_LITERAL_NULL_CONVERSION = YES;
				CLANG_WARN_OBJC_IMPLICIT_RETAIN_SELF = YES;
				CLANG_WARN_OBJC_LITERAL_CONVERSION = YES;
				CLANG_WARN_OBJC_ROOT_CLASS = YES_ERROR;
				CLANG_WARN_QUOTED_INCLUDE_IN_FRAMEWORK_HEADER = YES;
				CLANG_WARN_RANGE_LOOP_ANALYSIS = YES;
				CLANG_WARN_STRICT_PROTOTYPES = YES;
				CLANG_WARN_SUSPICIOUS_MOVE = YES;
				CLANG_WARN_UNGUARDED_AVAILABILITY = YES_AGGRESSIVE;
				CLANG_WARN_UNREACHABLE_CODE = YES;
				CLANG_WARN__DUPLICATE_METHOD_MATCH = YES;
				COPY_PHASE_STRIP = NO;
				DEBUG_INFORMATION_FORMAT = dwarf;
				ENABLE_STRICT_OBJC_MSGSEND = YES;
				ENABLE_TESTABILITY = YES;
				ENABLE_USER_SCRIPT_SANDBOXING = YES;
				GCC_C_LANGUAGE_STANDARD = gnu17;
				GCC_DYNAMIC_NO_PIC = NO;
				GCC_NO_COMMON_BLOCKS = YES;
				GCC_OPTIMIZATION_LEVEL = 0;
				GCC_PREPROCESSOR_DEFINITIONS = (
					"DEBUG=1",
					"$(inherited)",
				);
				GCC_WARN_64_TO_32_BIT_CONVERSION = YES;
				GCC_WARN_ABOUT_RETURN_TYPE = YES_ERROR;
				GCC_WARN_UNDECLARED_SELECTOR = YES;
				GCC_WARN_UNINITIALIZED_AUTOS = YES_AGGRESSIVE;
				GCC_WARN_UNUSED_FUNCTION = YES;
				GCC_WARN_UNUSED_VARIABLE = YES;
				IPHONEOS_DEPLOYMENT_TARGET = 18.2;
				LOCALIZATION_PREFERS_STRING_CATALOGS = YES;
				MTL_ENABLE_DEBUG_INFO = INCLUDE_SOURCE;
				MTL_FAST_MATH = YES;
				ONLY_ACTIVE_ARCH = YES;
				SDKROOT = iphoneos;
				SWIFT_ACTIVE_COMPILATION_CONDITIONS = "DEBUG $(inherited)";
				SWIFT_OPTIMIZATION_LEVEL = "-Onone";
			};
			name = Debug;
		};
		1F1D5FB52DC32C5900B44D43 /* Release */ = {
			isa = XCBuildConfiguration;
			buildSettings = {
				ALWAYS_SEARCH_USER_PATHS = NO;
				ASSETCATALOG_COMPILER_GENERATE_SWIFT_ASSET_SYMBOL_EXTENSIONS = YES;
				CLANG_ANALYZER_NONNULL = YES;
				CLANG_ANALYZER_NUMBER_OBJECT_CONVERSION = YES_AGGRESSIVE;
				CLANG_CXX_LANGUAGE_STANDARD = "gnu++20";
				CLANG_ENABLE_MODULES = YES;
				CLANG_ENABLE_OBJC_ARC = YES;
				CLANG_ENABLE_OBJC_WEAK = YES;
				CLANG_WARN_BLOCK_CAPTURE_AUTORELEASING = YES;
				CLANG_WARN_BOOL_CONVERSION = YES;
				CLANG_WARN_COMMA = YES;
				CLANG_WARN_CONSTANT_CONVERSION = YES;
				CLANG_WARN_DEPRECATED_OBJC_IMPLEMENTATIONS = YES;
				CLANG_WARN_DIRECT_OBJC_ISA_USAGE = YES_ERROR;
				CLANG_WARN_DOCUMENTATION_COMMENTS = YES;
				CLANG_WARN_EMPTY_BODY = YES;
				CLANG_WARN_ENUM_CONVERSION = YES;
				CLANG_WARN_INFINITE_RECURSION = YES;
				CLANG_WARN_INT_CONVERSION = YES;
				CLANG_WARN_NON_LITERAL_NULL_CONVERSION = YES;
				CLANG_WARN_OBJC_IMPLICIT_RETAIN_SELF = YES;
				CLANG_WARN_OBJC_LITERAL_CONVERSION = YES;
				CLANG_WARN_OBJC_ROOT_CLASS = YES_ERROR;
				CLANG_WARN_QUOTED_INCLUDE_IN_FRAMEWORK_HEADER = YES;
				CLANG_WARN_RANGE_LOOP_ANALYSIS = YES;
				CLANG_WARN_STRICT_PROTOTYPES = YES;
				CLANG_WARN_SUSPICIOUS_MOVE = YES;
				CLANG_WARN_UNGUARDED_AVAILABILITY = YES_AGGRESSIVE;
				CLANG_WARN_UNREACHABLE_CODE = YES;
				CLANG_WARN__DUPLICATE_METHOD_MATCH = YES;
				COPY_PHASE_STRIP = NO;
				DEBUG_INFORMATION_FORMAT = "dwarf-with-dsym";
				ENABLE_NS_ASSERTIONS = NO;
				ENABLE_STRICT_OBJC_MSGSEND = YES;
				ENABLE_USER_SCRIPT_SANDBOXING = YES;
				GCC_C_LANGUAGE_STANDARD = gnu17;
				GCC_NO_COMMON_BLOCKS = YES;
				GCC_WARN_64_TO_32_BIT_CONVERSION = YES;
				GCC_WARN_ABOUT_RETURN_TYPE = YES_ERROR;
				GCC_WARN_UNDECLARED_SELECTOR = YES;
				GCC_WARN_UNINITIALIZED_AUTOS = YES_AGGRESSIVE;
				GCC_WARN_UNUSED_FUNCTION = YES;
				GCC_WARN_UNUSED_VARIABLE = YES;
				IPHONEOS_DEPLOYMENT_TARGET = 18.2;
				LOCALIZATION_PREFERS_STRING_CATALOGS = YES;
				MTL_ENABLE_DEBUG_INFO = NO;
				MTL_FAST_MATH = YES;
				SDKROOT = iphoneos;
				SWIFT_COMPILATION_MODE = wholemodule;
				VALIDATE_PRODUCT = YES;
			};
			name = Release;
		};
		1F1D5FB72DC32C5900B44D43 /* Debug */ = {
			isa = XCBuildConfiguration;
			buildSettings = {
				BUNDLE_LOADER = "$(TEST_HOST)";
				CODE_SIGN_STYLE = Automatic;
				CURRENT_PROJECT_VERSION = 1;
				GENERATE_INFOPLIST_FILE = YES;
				IPHONEOS_DEPLOYMENT_TARGET = 18.2;
				MARKETING_VERSION = 1.0;
				PRODUCT_BUNDLE_IDENTIFIER = com.nishan.HomeSyncTests;
				PRODUCT_NAME = "$(TARGET_NAME)";
				SWIFT_EMIT_LOC_STRINGS = NO;
				SWIFT_VERSION = 5.0;
				TARGETED_DEVICE_FAMILY = "1,2";
				TEST_HOST = "$(BUILT_PRODUCTS_DIR)/HomeSync.app/$(BUNDLE_EXECUTABLE_FOLDER_PATH)/HomeSync";
			};
			name = Debug;
		};
		1F1D5FB82DC32C5900B44D43 /* Release */ = {
			isa = XCBuildConfiguration;
			buildSettings = {
				BUNDLE_LOADER = "$(TEST_HOST)";
				CODE_SIGN_STYLE = Automatic;
				CURRENT_PROJECT_VERSION = 1;
				GENERATE_INFOPLIST_FILE = YES;
				IPHONEOS_DEPLOYMENT_TARGET = 18.2;
				MARKETING_VERSION = 1.0;
				PRODUCT_BUNDLE_IDENTIFIER = com.nishan.HomeSyncTests;
				PRODUCT_NAME = "$(TARGET_NAME)";
				SWIFT_EMIT_LOC_STRINGS = NO;
				SWIFT_VERSION = 5.0;
				TARGETED_DEVICE_FAMILY = "1,2";
				TEST_HOST = "$(BUILT_PRODUCTS_DIR)/HomeSync.app/$(BUNDLE_EXECUTABLE_FOLDER_PATH)/HomeSync";
			};
			name = Release;
		};
		1F1D5FBA2DC32C5900B44D43 /* Debug */ = {
			isa = XCBuildConfiguration;
			buildSettings = {
				CODE_SIGN_STYLE = Automatic;
				CURRENT_PROJECT_VERSION = 1;
				GENERATE_INFOPLIST_FILE = YES;
				MARKETING_VERSION = 1.0;
				PRODUCT_BUNDLE_IDENTIFIER = com.nishan.HomeSyncUITests;
				PRODUCT_NAME = "$(TARGET_NAME)";
				SWIFT_EMIT_LOC_STRINGS = NO;
				SWIFT_VERSION = 5.0;
				TARGETED_DEVICE_FAMILY = "1,2";
				TEST_TARGET_NAME = HomeSync;
			};
			name = Debug;
		};
		1F1D5FBB2DC32C5900B44D43 /* Release */ = {
			isa = XCBuildConfiguration;
			buildSettings = {
				CODE_SIGN_STYLE = Automatic;
				CURRENT_PROJECT_VERSION = 1;
				GENERATE_INFOPLIST_FILE = YES;
				MARKETING_VERSION = 1.0;
				PRODUCT_BUNDLE_IDENTIFIER = com.nishan.HomeSyncUITests;
				PRODUCT_NAME = "$(TARGET_NAME)";
				SWIFT_EMIT_LOC_STRINGS = NO;
				SWIFT_VERSION = 5.0;
				TARGETED_DEVICE_FAMILY = "1,2";
				TEST_TARGET_NAME = HomeSync;
			};
			name = Release;
		};
/* End XCBuildConfiguration section */

/* Begin XCConfigurationList section */
		1F1D5F832DC32C5400B44D43 /* Build configuration list for PBXProject "HomeSync" */ = {
			isa = XCConfigurationList;
			buildConfigurations = (
				1F1D5FB42DC32C5900B44D43 /* Debug */,
				1F1D5FB52DC32C5900B44D43 /* Release */,
			);
			defaultConfigurationIsVisible = 0;
			defaultConfigurationName = Release;
		};
		1F1D5FB12DC32C5900B44D43 /* Build configuration list for PBXNativeTarget "HomeSync" */ = {
			isa = XCConfigurationList;
			buildConfigurations = (
				1F1D5FB22DC32C5900B44D43 /* Debug */,
				1F1D5FB32DC32C5900B44D43 /* Release */,
			);
			defaultConfigurationIsVisible = 0;
			defaultConfigurationName = Release;
		};
		1F1D5FB62DC32C5900B44D43 /* Build configuration list for PBXNativeTarget "HomeSyncTests" */ = {
			isa = XCConfigurationList;
			buildConfigurations = (
				1F1D5FB72DC32C5900B44D43 /* Debug */,
				1F1D5FB82DC32C5900B44D43 /* Release */,
			);
			defaultConfigurationIsVisible = 0;
			defaultConfigurationName = Release;
		};
		1F1D5FB92DC32C5900B44D43 /* Build configuration list for PBXNativeTarget "HomeSyncUITests" */ = {
			isa = XCConfigurationList;
			buildConfigurations = (
				1F1D5FBA2DC32C5900B44D43 /* Debug */,
				1F1D5FBB2DC32C5900B44D43 /* Release */,
			);
			defaultConfigurationIsVisible = 0;
			defaultConfigurationName = Release;
		};
/* End XCConfigurationList section */
	};
	rootObject = 1F1D5F802DC32C5400B44D43 /* Project object */;
}
